
Microsoft Visual Studio Solution File, Format Version 12.00
# Visual Studio 15
VisualStudioVersion = 15.0.28307.168
MinimumVisualStudioVersion = 10.0.40219.1
Project("{FAE04EC0-301F-11D3-BF4B-00C04F79EFBC}") = "StudyCustomMvc", "StudyCustomMvc\StudyCustomMvc.csproj", "{D04BB52E-9D38-4D9A-92CF-F0CB11A44A41}"
EndProject
Global
	GlobalSection(SolutionConfigurationPlatforms) = preSolution
		Debug|Any CPU = Debug|Any CPU
		Release|Any CPU = Release|Any CPU
	EndGlobalSection
	GlobalSection(ProjectConfigurationPlatforms) = postSolution
		{D04BB52E-9D38-4D9A-92CF-F0CB11A44A41}.Debug|Any CPU.ActiveCfg = Debug|Any CPU
		{D04BB52E-9D38-4D9A-92CF-F0CB11A44A41}.Debug|Any CPU.Build.0 = Debug|Any CPU
		{D04BB52E-9D38-4D9A-92CF-F0CB11A44A41}.Release|Any CPU.ActiveCfg = Release|Any CPU
		{D04BB52E-9D38-4D9A-92CF-F0CB11A44A41}.Release|Any CPU.Build.0 = Release|Any CPU
	EndGlobalSection
	GlobalSection(SolutionProperties) = preSolution
		HideSolutionNode = FALSE
	EndGlobalSection
	GlobalSection(ExtensibilityGlobals) = postSolution
		SolutionGuid = {65CCA728-9C3C-4F43-AC75-48C96A088AE9}
	EndGlobalSection
EndGlobal
