
Microsoft Visual Studio Solution File, Format Version 12.00
# Visual Studio Version 16
VisualStudioVersion = 16.0.29020.237
MinimumVisualStudioVersion = 10.0.40219.1
Project("{9A19103F-16F7-4668-BE54-9A1E7A4F7556}") = "ConsoleTest", "CastleCoreTest\ConsoleTest.csproj", "{EB836032-F2A5-4423-BFCE-35E83023DAAD}"
EndProject
Project("{FAE04EC0-301F-11D3-BF4B-00C04F79EFBC}") = "WinformTest", "WinformTest\WinformTest.csproj", "{733C5AEF-4B5F-41B8-9411-0666831A93A5}"
EndProject
Project("{9A19103F-16F7-4668-BE54-9A1E7A4F7556}") = "vuetest", "vuetest\vuetest.csproj", "{DC3E1EC2-3ED9-4DB0-B5E4-F001960D707F}"
EndProject
Project("{2150E333-8FDC-42A3-9474-1A3956D46DE8}") = "NoSql", "NoSql", "{A5884247-EEFD-4CA0-B11F-617F55EE8A07}"
EndProject
Project("{2150E333-8FDC-42A3-9474-1A3956D46DE8}") = "Redis", "Redis", "{B68FC1E0-4CF2-4B30-9079-F3F7249DD4F4}"
EndProject
Project("{9A19103F-16F7-4668-BE54-9A1E7A4F7556}") = "redisnetcoredemo", "redisnetcoredemo\redisnetcoredemo.csproj", "{A88CDF34-AA8B-4C01-BF67-BB8007B58B0C}"
EndProject
Project("{2150E333-8FDC-42A3-9474-1A3956D46DE8}") = "Permissions", "Permissions", "{AB57539E-74D0-4552-AF5C-29BE312A39D2}"
EndProject
Project("{2150E333-8FDC-42A3-9474-1A3956D46DE8}") = "01-froms", "01-froms", "{631C7701-2080-4E9F-A701-C1A265B98740}"
EndProject
Project("{2150E333-8FDC-42A3-9474-1A3956D46DE8}") = "02-Membership", "02-Membership", "{8FB87504-4ADA-4F48-BD28-A2E54E6CA4B5}"
EndProject
Project("{2150E333-8FDC-42A3-9474-1A3956D46DE8}") = "03-ASP.NET Identity0", "03-ASP.NET Identity0", "{CAE54590-9508-4060-A9B4-AAA9BB3C3D8E}"
EndProject
Project("{FAE04EC0-301F-11D3-BF4B-00C04F79EFBC}") = "formauthroize", "formauthroize\formauthroize.csproj", "{DFC866C8-D152-4C04-B81D-9116F1678EB8}"
EndProject
Project("{2150E333-8FDC-42A3-9474-1A3956D46DE8}") = "sso", "sso", "{CEF2C8ED-6304-407E-8F88-FC5FF63C9FB3}"
EndProject
Project("{2150E333-8FDC-42A3-9474-1A3956D46DE8}") = "ssodemo", "ssodemo", "{4AB2932E-E215-4A59-BE86-1BE85FFB240D}"
EndProject
Project("{FAE04EC0-301F-11D3-BF4B-00C04F79EFBC}") = "ssoserver", "ssoserver\ssoserver.csproj", "{E2148B80-A04D-4825-94FE-28836A31E38C}"
EndProject
Project("{FAE04EC0-301F-11D3-BF4B-00C04F79EFBC}") = "ssoclient1", "ssoclient1\ssoclient1.csproj", "{92C7FAAA-6186-4FE2-AB89-03644CC970D4}"
EndProject
Project("{FAE04EC0-301F-11D3-BF4B-00C04F79EFBC}") = "ssoclent2", "ssoclent2\ssoclent2.csproj", "{C68F7B3E-48CF-4452-ABCA-796BEB5CB70B}"
EndProject
Project("{2150E333-8FDC-42A3-9474-1A3956D46DE8}") = "IdentityServer4_SSO_Service", "IdentityServer4_SSO_Service", "{8771996A-4CD8-408B-B17D-7ADD079FD7FD}"
EndProject
Project("{2150E333-8FDC-42A3-9474-1A3956D46DE8}") = "IdentityServer4_Demo", "IdentityServer4_Demo", "{9CA6D822-A7F9-497C-AD7A-083E38C75B41}"
EndProject
Project("{2150E333-8FDC-42A3-9474-1A3956D46DE8}") = "1_客户端模式_ClientCredentials", "1_客户端模式_ClientCredentials", "{35806E60-EEC2-4A93-B4CB-1695CF59C6BC}"
EndProject
Project("{9A19103F-16F7-4668-BE54-9A1E7A4F7556}") = "1_server", "1_server\1_server.csproj", "{BA155E7F-7DD4-4388-83A5-7D26D624B9A6}"
EndProject
Project("{9A19103F-16F7-4668-BE54-9A1E7A4F7556}") = "1_api", "1_api\1_api.csproj", "{8E69A9C0-C8BF-47C0-BAAB-B203DFC6B1CF}"
EndProject
Project("{9A19103F-16F7-4668-BE54-9A1E7A4F7556}") = "1_client", "1_client\1_client.csproj", "{23368F8F-3C31-4E38-9349-763E39E74AE4}"
EndProject
Project("{2150E333-8FDC-42A3-9474-1A3956D46DE8}") = "pay", "pay", "{24AFC465-69C5-4317-8108-7B8007E435BE}"
EndProject
Project("{FAE04EC0-301F-11D3-BF4B-00C04F79EFBC}") = "Alipay", "pay\Alipay\Alipay.csproj", "{D54C0201-0AE3-43A2-B930-C07E5A937456}"
EndProject
Project("{9A19103F-16F7-4668-BE54-9A1E7A4F7556}") = "AlipayCore", "pay\AlipayCore\AlipayCore.csproj", "{90319DB7-C175-4555-B2F8-8AD582ABEA3A}"
EndProject
Project("{2150E333-8FDC-42A3-9474-1A3956D46DE8}") = "Dapper", "Dapper", "{85194ACE-F49F-4E5B-8370-13C3CF95593D}"
EndProject
Project("{9A19103F-16F7-4668-BE54-9A1E7A4F7556}") = "Dapper.WebTest", "Dapper.WebTest\Dapper.WebTest.csproj", "{CDB5F5E5-C511-4FF2-B527-99616DDCF91A}"
EndProject
Project("{2150E333-8FDC-42A3-9474-1A3956D46DE8}") = "http", "http", "{7AE6F005-430F-44E4-BAF9-F1EDEB345B48}"
EndProject
Project("{FAE04EC0-301F-11D3-BF4B-00C04F79EFBC}") = "CsharpHttpHelper", "CsharpHttpHelper\CsharpHttpHelper.csproj", "{966C2F8B-47E5-4E6D-ABFC-13501E739D25}"
EndProject
Project("{FAE04EC0-301F-11D3-BF4B-00C04F79EFBC}") = "CustomerPay", "CustomerPay\CustomerPay.csproj", "{33ACF10B-6B23-4F3B-8910-F372B961BE39}"
EndProject
Project("{2150E333-8FDC-42A3-9474-1A3956D46DE8}") = "company", "company", "{DD35ADD5-6C19-4997-9AF0-64922AF3E501}"
EndProject
Project("{FAE04EC0-301F-11D3-BF4B-00C04F79EFBC}") = "Compnay", "Compnay\Compnay.csproj", "{AA2470F7-DB24-442F-B088-B7A1A5E49EA0}"
EndProject
Project("{2150E333-8FDC-42A3-9474-1A3956D46DE8}") = "RabbitMQ", "RabbitMQ", "{A9A9ADE8-2CD3-4F72-9530-9A8356431502}"
EndProject
Project("{9A19103F-16F7-4668-BE54-9A1E7A4F7556}") = "RabbitMQServer", "RabbitMQServer\RabbitMQServer.csproj", "{B89D4613-D3BD-4BC8-82B7-42E844EBC274}"
EndProject
Project("{9A19103F-16F7-4668-BE54-9A1E7A4F7556}") = "RabbitMQClient", "RabbitMQClient\RabbitMQClient.csproj", "{8879D2FA-2324-4A0D-A001-A6C559AD97B1}"
EndProject
Project("{2150E333-8FDC-42A3-9474-1A3956D46DE8}") = "Quartz", "Quartz", "{26FD5A9F-C513-4185-82B9-6B1D3A6CF1E1}"
EndProject
Project("{2150E333-8FDC-42A3-9474-1A3956D46DE8}") = "Login", "Login", "{56128167-BBF7-4E44-B9D9-E6335E318DA4}"
EndProject
Project("{FAE04EC0-301F-11D3-BF4B-00C04F79EFBC}") = "QQLogin", "QQLogin\QQLogin.csproj", "{9BA05B23-2794-48DF-A9F1-797A6F920945}"
EndProject
Project("{FAE04EC0-301F-11D3-BF4B-00C04F79EFBC}") = "QuarZt", "QuarZt\QuarZt.csproj", "{B802B2D4-1B9B-4251-84D2-72CCE4DF5BC4}"
EndProject
Project("{9A19103F-16F7-4668-BE54-9A1E7A4F7556}") = "QuarztCore", "QuarztCore\QuarztCore.csproj", "{AF0CAC86-A1D6-422A-81F6-0C9FA97943A7}"
EndProject
Global
	GlobalSection(SolutionConfigurationPlatforms) = preSolution
		Debug|Any CPU = Debug|Any CPU
		Debug|x86 = Debug|x86
		Release|Any CPU = Release|Any CPU
		Release|x86 = Release|x86
	EndGlobalSection
	GlobalSection(ProjectConfigurationPlatforms) = postSolution
		{EB836032-F2A5-4423-BFCE-35E83023DAAD}.Debug|Any CPU.ActiveCfg = Debug|Any CPU
		{EB836032-F2A5-4423-BFCE-35E83023DAAD}.Debug|Any CPU.Build.0 = Debug|Any CPU
		{EB836032-F2A5-4423-BFCE-35E83023DAAD}.Debug|x86.ActiveCfg = Debug|Any CPU
		{EB836032-F2A5-4423-BFCE-35E83023DAAD}.Debug|x86.Build.0 = Debug|Any CPU
		{EB836032-F2A5-4423-BFCE-35E83023DAAD}.Release|Any CPU.ActiveCfg = Release|Any CPU
		{EB836032-F2A5-4423-BFCE-35E83023DAAD}.Release|Any CPU.Build.0 = Release|Any CPU
		{EB836032-F2A5-4423-BFCE-35E83023DAAD}.Release|x86.ActiveCfg = Release|Any CPU
		{EB836032-F2A5-4423-BFCE-35E83023DAAD}.Release|x86.Build.0 = Release|Any CPU
		{733C5AEF-4B5F-41B8-9411-0666831A93A5}.Debug|Any CPU.ActiveCfg = Debug|Any CPU
		{733C5AEF-4B5F-41B8-9411-0666831A93A5}.Debug|Any CPU.Build.0 = Debug|Any CPU
		{733C5AEF-4B5F-41B8-9411-0666831A93A5}.Debug|x86.ActiveCfg = Debug|Any CPU
		{733C5AEF-4B5F-41B8-9411-0666831A93A5}.Debug|x86.Build.0 = Debug|Any CPU
		{733C5AEF-4B5F-41B8-9411-0666831A93A5}.Release|Any CPU.ActiveCfg = Release|Any CPU
		{733C5AEF-4B5F-41B8-9411-0666831A93A5}.Release|Any CPU.Build.0 = Release|Any CPU
		{733C5AEF-4B5F-41B8-9411-0666831A93A5}.Release|x86.ActiveCfg = Release|Any CPU
		{733C5AEF-4B5F-41B8-9411-0666831A93A5}.Release|x86.Build.0 = Release|Any CPU
		{DC3E1EC2-3ED9-4DB0-B5E4-F001960D707F}.Debug|Any CPU.ActiveCfg = Debug|Any CPU
		{DC3E1EC2-3ED9-4DB0-B5E4-F001960D707F}.Debug|Any CPU.Build.0 = Debug|Any CPU
		{DC3E1EC2-3ED9-4DB0-B5E4-F001960D707F}.Debug|x86.ActiveCfg = Debug|Any CPU
		{DC3E1EC2-3ED9-4DB0-B5E4-F001960D707F}.Debug|x86.Build.0 = Debug|Any CPU
		{DC3E1EC2-3ED9-4DB0-B5E4-F001960D707F}.Release|Any CPU.ActiveCfg = Release|Any CPU
		{DC3E1EC2-3ED9-4DB0-B5E4-F001960D707F}.Release|Any CPU.Build.0 = Release|Any CPU
		{DC3E1EC2-3ED9-4DB0-B5E4-F001960D707F}.Release|x86.ActiveCfg = Release|Any CPU
		{DC3E1EC2-3ED9-4DB0-B5E4-F001960D707F}.Release|x86.Build.0 = Release|Any CPU
		{A88CDF34-AA8B-4C01-BF67-BB8007B58B0C}.Debug|Any CPU.ActiveCfg = Debug|Any CPU
		{A88CDF34-AA8B-4C01-BF67-BB8007B58B0C}.Debug|Any CPU.Build.0 = Debug|Any CPU
		{A88CDF34-AA8B-4C01-BF67-BB8007B58B0C}.Debug|x86.ActiveCfg = Debug|Any CPU
		{A88CDF34-AA8B-4C01-BF67-BB8007B58B0C}.Debug|x86.Build.0 = Debug|Any CPU
		{A88CDF34-AA8B-4C01-BF67-BB8007B58B0C}.Release|Any CPU.ActiveCfg = Release|Any CPU
		{A88CDF34-AA8B-4C01-BF67-BB8007B58B0C}.Release|Any CPU.Build.0 = Release|Any CPU
		{A88CDF34-AA8B-4C01-BF67-BB8007B58B0C}.Release|x86.ActiveCfg = Release|Any CPU
		{A88CDF34-AA8B-4C01-BF67-BB8007B58B0C}.Release|x86.Build.0 = Release|Any CPU
		{DFC866C8-D152-4C04-B81D-9116F1678EB8}.Debug|Any CPU.ActiveCfg = Debug|Any CPU
		{DFC866C8-D152-4C04-B81D-9116F1678EB8}.Debug|Any CPU.Build.0 = Debug|Any CPU
		{DFC866C8-D152-4C04-B81D-9116F1678EB8}.Debug|x86.ActiveCfg = Debug|Any CPU
		{DFC866C8-D152-4C04-B81D-9116F1678EB8}.Debug|x86.Build.0 = Debug|Any CPU
		{DFC866C8-D152-4C04-B81D-9116F1678EB8}.Release|Any CPU.ActiveCfg = Release|Any CPU
		{DFC866C8-D152-4C04-B81D-9116F1678EB8}.Release|Any CPU.Build.0 = Release|Any CPU
		{DFC866C8-D152-4C04-B81D-9116F1678EB8}.Release|x86.ActiveCfg = Release|Any CPU
		{DFC866C8-D152-4C04-B81D-9116F1678EB8}.Release|x86.Build.0 = Release|Any CPU
		{E2148B80-A04D-4825-94FE-28836A31E38C}.Debug|Any CPU.ActiveCfg = Debug|Any CPU
		{E2148B80-A04D-4825-94FE-28836A31E38C}.Debug|Any CPU.Build.0 = Debug|Any CPU
		{E2148B80-A04D-4825-94FE-28836A31E38C}.Debug|x86.ActiveCfg = Debug|Any CPU
		{E2148B80-A04D-4825-94FE-28836A31E38C}.Debug|x86.Build.0 = Debug|Any CPU
		{E2148B80-A04D-4825-94FE-28836A31E38C}.Release|Any CPU.ActiveCfg = Release|Any CPU
		{E2148B80-A04D-4825-94FE-28836A31E38C}.Release|Any CPU.Build.0 = Release|Any CPU
		{E2148B80-A04D-4825-94FE-28836A31E38C}.Release|x86.ActiveCfg = Release|Any CPU
		{E2148B80-A04D-4825-94FE-28836A31E38C}.Release|x86.Build.0 = Release|Any CPU
		{92C7FAAA-6186-4FE2-AB89-03644CC970D4}.Debug|Any CPU.ActiveCfg = Debug|Any CPU
		{92C7FAAA-6186-4FE2-AB89-03644CC970D4}.Debug|Any CPU.Build.0 = Debug|Any CPU
		{92C7FAAA-6186-4FE2-AB89-03644CC970D4}.Debug|x86.ActiveCfg = Debug|Any CPU
		{92C7FAAA-6186-4FE2-AB89-03644CC970D4}.Debug|x86.Build.0 = Debug|Any CPU
		{92C7FAAA-6186-4FE2-AB89-03644CC970D4}.Release|Any CPU.ActiveCfg = Release|Any CPU
		{92C7FAAA-6186-4FE2-AB89-03644CC970D4}.Release|Any CPU.Build.0 = Release|Any CPU
		{92C7FAAA-6186-4FE2-AB89-03644CC970D4}.Release|x86.ActiveCfg = Release|Any CPU
		{92C7FAAA-6186-4FE2-AB89-03644CC970D4}.Release|x86.Build.0 = Release|Any CPU
		{C68F7B3E-48CF-4452-ABCA-796BEB5CB70B}.Debug|Any CPU.ActiveCfg = Debug|Any CPU
		{C68F7B3E-48CF-4452-ABCA-796BEB5CB70B}.Debug|Any CPU.Build.0 = Debug|Any CPU
		{C68F7B3E-48CF-4452-ABCA-796BEB5CB70B}.Debug|x86.ActiveCfg = Debug|Any CPU
		{C68F7B3E-48CF-4452-ABCA-796BEB5CB70B}.Debug|x86.Build.0 = Debug|Any CPU
		{C68F7B3E-48CF-4452-ABCA-796BEB5CB70B}.Release|Any CPU.ActiveCfg = Release|Any CPU
		{C68F7B3E-48CF-4452-ABCA-796BEB5CB70B}.Release|Any CPU.Build.0 = Release|Any CPU
		{C68F7B3E-48CF-4452-ABCA-796BEB5CB70B}.Release|x86.ActiveCfg = Release|Any CPU
		{C68F7B3E-48CF-4452-ABCA-796BEB5CB70B}.Release|x86.Build.0 = Release|Any CPU
		{BA155E7F-7DD4-4388-83A5-7D26D624B9A6}.Debug|Any CPU.ActiveCfg = Debug|Any CPU
		{BA155E7F-7DD4-4388-83A5-7D26D624B9A6}.Debug|Any CPU.Build.0 = Debug|Any CPU
		{BA155E7F-7DD4-4388-83A5-7D26D624B9A6}.Debug|x86.ActiveCfg = Debug|Any CPU
		{BA155E7F-7DD4-4388-83A5-7D26D624B9A6}.Debug|x86.Build.0 = Debug|Any CPU
		{BA155E7F-7DD4-4388-83A5-7D26D624B9A6}.Release|Any CPU.ActiveCfg = Release|Any CPU
		{BA155E7F-7DD4-4388-83A5-7D26D624B9A6}.Release|Any CPU.Build.0 = Release|Any CPU
		{BA155E7F-7DD4-4388-83A5-7D26D624B9A6}.Release|x86.ActiveCfg = Release|Any CPU
		{BA155E7F-7DD4-4388-83A5-7D26D624B9A6}.Release|x86.Build.0 = Release|Any CPU
		{8E69A9C0-C8BF-47C0-BAAB-B203DFC6B1CF}.Debug|Any CPU.ActiveCfg = Debug|Any CPU
		{8E69A9C0-C8BF-47C0-BAAB-B203DFC6B1CF}.Debug|Any CPU.Build.0 = Debug|Any CPU
		{8E69A9C0-C8BF-47C0-BAAB-B203DFC6B1CF}.Debug|x86.ActiveCfg = Debug|Any CPU
		{8E69A9C0-C8BF-47C0-BAAB-B203DFC6B1CF}.Debug|x86.Build.0 = Debug|Any CPU
		{8E69A9C0-C8BF-47C0-BAAB-B203DFC6B1CF}.Release|Any CPU.ActiveCfg = Release|Any CPU
		{8E69A9C0-C8BF-47C0-BAAB-B203DFC6B1CF}.Release|Any CPU.Build.0 = Release|Any CPU
		{8E69A9C0-C8BF-47C0-BAAB-B203DFC6B1CF}.Release|x86.ActiveCfg = Release|Any CPU
		{8E69A9C0-C8BF-47C0-BAAB-B203DFC6B1CF}.Release|x86.Build.0 = Release|Any CPU
		{23368F8F-3C31-4E38-9349-763E39E74AE4}.Debug|Any CPU.ActiveCfg = Debug|Any CPU
		{23368F8F-3C31-4E38-9349-763E39E74AE4}.Debug|Any CPU.Build.0 = Debug|Any CPU
		{23368F8F-3C31-4E38-9349-763E39E74AE4}.Debug|x86.ActiveCfg = Debug|Any CPU
		{23368F8F-3C31-4E38-9349-763E39E74AE4}.Debug|x86.Build.0 = Debug|Any CPU
		{23368F8F-3C31-4E38-9349-763E39E74AE4}.Release|Any CPU.ActiveCfg = Release|Any CPU
		{23368F8F-3C31-4E38-9349-763E39E74AE4}.Release|Any CPU.Build.0 = Release|Any CPU
		{23368F8F-3C31-4E38-9349-763E39E74AE4}.Release|x86.ActiveCfg = Release|Any CPU
		{23368F8F-3C31-4E38-9349-763E39E74AE4}.Release|x86.Build.0 = Release|Any CPU
		{D54C0201-0AE3-43A2-B930-C07E5A937456}.Debug|Any CPU.ActiveCfg = Debug|Any CPU
		{D54C0201-0AE3-43A2-B930-C07E5A937456}.Debug|Any CPU.Build.0 = Debug|Any CPU
		{D54C0201-0AE3-43A2-B930-C07E5A937456}.Debug|x86.ActiveCfg = Debug|Any CPU
		{D54C0201-0AE3-43A2-B930-C07E5A937456}.Debug|x86.Build.0 = Debug|Any CPU
		{D54C0201-0AE3-43A2-B930-C07E5A937456}.Release|Any CPU.ActiveCfg = Release|Any CPU
		{D54C0201-0AE3-43A2-B930-C07E5A937456}.Release|Any CPU.Build.0 = Release|Any CPU
		{D54C0201-0AE3-43A2-B930-C07E5A937456}.Release|x86.ActiveCfg = Release|Any CPU
		{D54C0201-0AE3-43A2-B930-C07E5A937456}.Release|x86.Build.0 = Release|Any CPU
		{90319DB7-C175-4555-B2F8-8AD582ABEA3A}.Debug|Any CPU.ActiveCfg = Debug|Any CPU
		{90319DB7-C175-4555-B2F8-8AD582ABEA3A}.Debug|Any CPU.Build.0 = Debug|Any CPU
		{90319DB7-C175-4555-B2F8-8AD582ABEA3A}.Debug|x86.ActiveCfg = Debug|Any CPU
		{90319DB7-C175-4555-B2F8-8AD582ABEA3A}.Debug|x86.Build.0 = Debug|Any CPU
		{90319DB7-C175-4555-B2F8-8AD582ABEA3A}.Release|Any CPU.ActiveCfg = Release|Any CPU
		{90319DB7-C175-4555-B2F8-8AD582ABEA3A}.Release|Any CPU.Build.0 = Release|Any CPU
		{90319DB7-C175-4555-B2F8-8AD582ABEA3A}.Release|x86.ActiveCfg = Release|Any CPU
		{90319DB7-C175-4555-B2F8-8AD582ABEA3A}.Release|x86.Build.0 = Release|Any CPU
		{CDB5F5E5-C511-4FF2-B527-99616DDCF91A}.Debug|Any CPU.ActiveCfg = Debug|Any CPU
		{CDB5F5E5-C511-4FF2-B527-99616DDCF91A}.Debug|Any CPU.Build.0 = Debug|Any CPU
		{CDB5F5E5-C511-4FF2-B527-99616DDCF91A}.Debug|x86.ActiveCfg = Debug|Any CPU
		{CDB5F5E5-C511-4FF2-B527-99616DDCF91A}.Debug|x86.Build.0 = Debug|Any CPU
		{CDB5F5E5-C511-4FF2-B527-99616DDCF91A}.Release|Any CPU.ActiveCfg = Release|Any CPU
		{CDB5F5E5-C511-4FF2-B527-99616DDCF91A}.Release|Any CPU.Build.0 = Release|Any CPU
		{CDB5F5E5-C511-4FF2-B527-99616DDCF91A}.Release|x86.ActiveCfg = Release|Any CPU
		{CDB5F5E5-C511-4FF2-B527-99616DDCF91A}.Release|x86.Build.0 = Release|Any CPU
		{966C2F8B-47E5-4E6D-ABFC-13501E739D25}.Debug|Any CPU.ActiveCfg = Debug|Any CPU
		{966C2F8B-47E5-4E6D-ABFC-13501E739D25}.Debug|Any CPU.Build.0 = Debug|Any CPU
		{966C2F8B-47E5-4E6D-ABFC-13501E739D25}.Debug|x86.ActiveCfg = Debug|Any CPU
		{966C2F8B-47E5-4E6D-ABFC-13501E739D25}.Debug|x86.Build.0 = Debug|Any CPU
		{966C2F8B-47E5-4E6D-ABFC-13501E739D25}.Release|Any CPU.ActiveCfg = Release|Any CPU
		{966C2F8B-47E5-4E6D-ABFC-13501E739D25}.Release|Any CPU.Build.0 = Release|Any CPU
		{966C2F8B-47E5-4E6D-ABFC-13501E739D25}.Release|x86.ActiveCfg = Release|Any CPU
		{966C2F8B-47E5-4E6D-ABFC-13501E739D25}.Release|x86.Build.0 = Release|Any CPU
		{33ACF10B-6B23-4F3B-8910-F372B961BE39}.Debug|Any CPU.ActiveCfg = Debug|Any CPU
		{33ACF10B-6B23-4F3B-8910-F372B961BE39}.Debug|Any CPU.Build.0 = Debug|Any CPU
		{33ACF10B-6B23-4F3B-8910-F372B961BE39}.Debug|x86.ActiveCfg = Debug|Any CPU
		{33ACF10B-6B23-4F3B-8910-F372B961BE39}.Debug|x86.Build.0 = Debug|Any CPU
		{33ACF10B-6B23-4F3B-8910-F372B961BE39}.Release|Any CPU.ActiveCfg = Release|Any CPU
		{33ACF10B-6B23-4F3B-8910-F372B961BE39}.Release|Any CPU.Build.0 = Release|Any CPU
		{33ACF10B-6B23-4F3B-8910-F372B961BE39}.Release|x86.ActiveCfg = Release|Any CPU
		{33ACF10B-6B23-4F3B-8910-F372B961BE39}.Release|x86.Build.0 = Release|Any CPU
		{AA2470F7-DB24-442F-B088-B7A1A5E49EA0}.Debug|Any CPU.ActiveCfg = Debug|Any CPU
		{AA2470F7-DB24-442F-B088-B7A1A5E49EA0}.Debug|Any CPU.Build.0 = Debug|Any CPU
		{AA2470F7-DB24-442F-B088-B7A1A5E49EA0}.Debug|x86.ActiveCfg = Debug|x86
		{AA2470F7-DB24-442F-B088-B7A1A5E49EA0}.Debug|x86.Build.0 = Debug|x86
		{AA2470F7-DB24-442F-B088-B7A1A5E49EA0}.Release|Any CPU.ActiveCfg = Release|Any CPU
		{AA2470F7-DB24-442F-B088-B7A1A5E49EA0}.Release|Any CPU.Build.0 = Release|Any CPU
		{AA2470F7-DB24-442F-B088-B7A1A5E49EA0}.Release|x86.ActiveCfg = Release|x86
		{AA2470F7-DB24-442F-B088-B7A1A5E49EA0}.Release|x86.Build.0 = Release|x86
		{B89D4613-D3BD-4BC8-82B7-42E844EBC274}.Debug|Any CPU.ActiveCfg = Debug|Any CPU
		{B89D4613-D3BD-4BC8-82B7-42E844EBC274}.Debug|Any CPU.Build.0 = Debug|Any CPU
		{B89D4613-D3BD-4BC8-82B7-42E844EBC274}.Debug|x86.ActiveCfg = Debug|Any CPU
		{B89D4613-D3BD-4BC8-82B7-42E844EBC274}.Debug|x86.Build.0 = Debug|Any CPU
		{B89D4613-D3BD-4BC8-82B7-42E844EBC274}.Release|Any CPU.ActiveCfg = Release|Any CPU
		{B89D4613-D3BD-4BC8-82B7-42E844EBC274}.Release|Any CPU.Build.0 = Release|Any CPU
		{B89D4613-D3BD-4BC8-82B7-42E844EBC274}.Release|x86.ActiveCfg = Release|Any CPU
		{B89D4613-D3BD-4BC8-82B7-42E844EBC274}.Release|x86.Build.0 = Release|Any CPU
		{8879D2FA-2324-4A0D-A001-A6C559AD97B1}.Debug|Any CPU.ActiveCfg = Debug|Any CPU
		{8879D2FA-2324-4A0D-A001-A6C559AD97B1}.Debug|Any CPU.Build.0 = Debug|Any CPU
		{8879D2FA-2324-4A0D-A001-A6C559AD97B1}.Debug|x86.ActiveCfg = Debug|Any CPU
		{8879D2FA-2324-4A0D-A001-A6C559AD97B1}.Debug|x86.Build.0 = Debug|Any CPU
		{8879D2FA-2324-4A0D-A001-A6C559AD97B1}.Release|Any CPU.ActiveCfg = Release|Any CPU
		{8879D2FA-2324-4A0D-A001-A6C559AD97B1}.Release|Any CPU.Build.0 = Release|Any CPU
		{8879D2FA-2324-4A0D-A001-A6C559AD97B1}.Release|x86.ActiveCfg = Release|Any CPU
		{8879D2FA-2324-4A0D-A001-A6C559AD97B1}.Release|x86.Build.0 = Release|Any CPU
		{9BA05B23-2794-48DF-A9F1-797A6F920945}.Debug|Any CPU.ActiveCfg = Debug|Any CPU
		{9BA05B23-2794-48DF-A9F1-797A6F920945}.Debug|Any CPU.Build.0 = Debug|Any CPU
		{9BA05B23-2794-48DF-A9F1-797A6F920945}.Debug|x86.ActiveCfg = Debug|Any CPU
		{9BA05B23-2794-48DF-A9F1-797A6F920945}.Debug|x86.Build.0 = Debug|Any CPU
		{9BA05B23-2794-48DF-A9F1-797A6F920945}.Release|Any CPU.ActiveCfg = Release|Any CPU
		{9BA05B23-2794-48DF-A9F1-797A6F920945}.Release|Any CPU.Build.0 = Release|Any CPU
		{9BA05B23-2794-48DF-A9F1-797A6F920945}.Release|x86.ActiveCfg = Release|Any CPU
		{9BA05B23-2794-48DF-A9F1-797A6F920945}.Release|x86.Build.0 = Release|Any CPU
		{B802B2D4-1B9B-4251-84D2-72CCE4DF5BC4}.Debug|Any CPU.ActiveCfg = Debug|Any CPU
		{B802B2D4-1B9B-4251-84D2-72CCE4DF5BC4}.Debug|Any CPU.Build.0 = Debug|Any CPU
		{B802B2D4-1B9B-4251-84D2-72CCE4DF5BC4}.Debug|x86.ActiveCfg = Debug|Any CPU
		{B802B2D4-1B9B-4251-84D2-72CCE4DF5BC4}.Debug|x86.Build.0 = Debug|Any CPU
		{B802B2D4-1B9B-4251-84D2-72CCE4DF5BC4}.Release|Any CPU.ActiveCfg = Release|Any CPU
		{B802B2D4-1B9B-4251-84D2-72CCE4DF5BC4}.Release|Any CPU.Build.0 = Release|Any CPU
		{B802B2D4-1B9B-4251-84D2-72CCE4DF5BC4}.Release|x86.ActiveCfg = Release|Any CPU
		{B802B2D4-1B9B-4251-84D2-72CCE4DF5BC4}.Release|x86.Build.0 = Release|Any CPU
		{AF0CAC86-A1D6-422A-81F6-0C9FA97943A7}.Debug|Any CPU.ActiveCfg = Debug|Any CPU
		{AF0CAC86-A1D6-422A-81F6-0C9FA97943A7}.Debug|Any CPU.Build.0 = Debug|Any CPU
		{AF0CAC86-A1D6-422A-81F6-0C9FA97943A7}.Debug|x86.ActiveCfg = Debug|Any CPU
		{AF0CAC86-A1D6-422A-81F6-0C9FA97943A7}.Debug|x86.Build.0 = Debug|Any CPU
		{AF0CAC86-A1D6-422A-81F6-0C9FA97943A7}.Release|Any CPU.ActiveCfg = Release|Any CPU
		{AF0CAC86-A1D6-422A-81F6-0C9FA97943A7}.Release|Any CPU.Build.0 = Release|Any CPU
		{AF0CAC86-A1D6-422A-81F6-0C9FA97943A7}.Release|x86.ActiveCfg = Release|Any CPU
		{AF0CAC86-A1D6-422A-81F6-0C9FA97943A7}.Release|x86.Build.0 = Release|Any CPU
	EndGlobalSection
	GlobalSection(SolutionProperties) = preSolution
		HideSolutionNode = FALSE
	EndGlobalSection
	GlobalSection(NestedProjects) = preSolution
		{B68FC1E0-4CF2-4B30-9079-F3F7249DD4F4} = {A5884247-EEFD-4CA0-B11F-617F55EE8A07}
		{A88CDF34-AA8B-4C01-BF67-BB8007B58B0C} = {B68FC1E0-4CF2-4B30-9079-F3F7249DD4F4}
		{631C7701-2080-4E9F-A701-C1A265B98740} = {AB57539E-74D0-4552-AF5C-29BE312A39D2}
		{8FB87504-4ADA-4F48-BD28-A2E54E6CA4B5} = {AB57539E-74D0-4552-AF5C-29BE312A39D2}
		{CAE54590-9508-4060-A9B4-AAA9BB3C3D8E} = {AB57539E-74D0-4552-AF5C-29BE312A39D2}
		{DFC866C8-D152-4C04-B81D-9116F1678EB8} = {631C7701-2080-4E9F-A701-C1A265B98740}
		{4AB2932E-E215-4A59-BE86-1BE85FFB240D} = {CEF2C8ED-6304-407E-8F88-FC5FF63C9FB3}
		{E2148B80-A04D-4825-94FE-28836A31E38C} = {4AB2932E-E215-4A59-BE86-1BE85FFB240D}
		{92C7FAAA-6186-4FE2-AB89-03644CC970D4} = {4AB2932E-E215-4A59-BE86-1BE85FFB240D}
		{C68F7B3E-48CF-4452-ABCA-796BEB5CB70B} = {4AB2932E-E215-4A59-BE86-1BE85FFB240D}
		{8771996A-4CD8-408B-B17D-7ADD079FD7FD} = {CEF2C8ED-6304-407E-8F88-FC5FF63C9FB3}
		{35806E60-EEC2-4A93-B4CB-1695CF59C6BC} = {9CA6D822-A7F9-497C-AD7A-083E38C75B41}
		{BA155E7F-7DD4-4388-83A5-7D26D624B9A6} = {35806E60-EEC2-4A93-B4CB-1695CF59C6BC}
		{8E69A9C0-C8BF-47C0-BAAB-B203DFC6B1CF} = {35806E60-EEC2-4A93-B4CB-1695CF59C6BC}
		{23368F8F-3C31-4E38-9349-763E39E74AE4} = {35806E60-EEC2-4A93-B4CB-1695CF59C6BC}
		{D54C0201-0AE3-43A2-B930-C07E5A937456} = {24AFC465-69C5-4317-8108-7B8007E435BE}
		{90319DB7-C175-4555-B2F8-8AD582ABEA3A} = {24AFC465-69C5-4317-8108-7B8007E435BE}
		{CDB5F5E5-C511-4FF2-B527-99616DDCF91A} = {85194ACE-F49F-4E5B-8370-13C3CF95593D}
		{966C2F8B-47E5-4E6D-ABFC-13501E739D25} = {7AE6F005-430F-44E4-BAF9-F1EDEB345B48}
		{33ACF10B-6B23-4F3B-8910-F372B961BE39} = {24AFC465-69C5-4317-8108-7B8007E435BE}
		{AA2470F7-DB24-442F-B088-B7A1A5E49EA0} = {DD35ADD5-6C19-4997-9AF0-64922AF3E501}
		{B89D4613-D3BD-4BC8-82B7-42E844EBC274} = {A9A9ADE8-2CD3-4F72-9530-9A8356431502}
		{8879D2FA-2324-4A0D-A001-A6C559AD97B1} = {A9A9ADE8-2CD3-4F72-9530-9A8356431502}
		{9BA05B23-2794-48DF-A9F1-797A6F920945} = {56128167-BBF7-4E44-B9D9-E6335E318DA4}
		{B802B2D4-1B9B-4251-84D2-72CCE4DF5BC4} = {26FD5A9F-C513-4185-82B9-6B1D3A6CF1E1}
		{AF0CAC86-A1D6-422A-81F6-0C9FA97943A7} = {26FD5A9F-C513-4185-82B9-6B1D3A6CF1E1}
	EndGlobalSection
	GlobalSection(ExtensibilityGlobals) = postSolution
		SolutionGuid = {65CCA728-9C3C-4F43-AC75-48C96A088AE9}
	EndGlobalSection
EndGlobal
